// !$*UTF8*$!
{
	archiveVersion = 1;
	classes = {
	};
	objectVersion = 48;
	objects = {

/* Begin PBXBuildFile section */
		8C64EAEA1F9E7722009AA3A7 /* AppDelegate.swift in Sources */ = {isa = PBXBuildFile; fileRef = 8C64EAE91F9E7722009AA3A7 /* AppDelegate.swift */; };
		8C64EAEC1F9E7722009AA3A7 /* ViewController.swift in Sources */ = {isa = PBXBuildFile; fileRef = 8C64EAEB1F9E7722009AA3A7 /* ViewController.swift */; };
		8C64EAEF1F9E7722009AA3A7 /* Main.storyboard in Resources */ = {isa = PBXBuildFile; fileRef = 8C64EAED1F9E7722009AA3A7 /* Main.storyboard */; };
		8C64EAF11F9E7722009AA3A7 /* Assets.xcassets in Resources */ = {isa = PBXBuildFile; fileRef = 8C64EAF01F9E7722009AA3A7 /* Assets.xcassets */; };
		8C64EAF41F9E7722009AA3A7 /* LaunchScreen.storyboard in Resources */ = {isa = PBXBuildFile; fileRef = 8C64EAF21F9E7722009AA3A7 /* LaunchScreen.storyboard */; };
/* End PBXBuildFile section */

/* Begin PBXFileReference section */
		8C64EAE61F9E7722009AA3A7 /* Userdefaults.app */ = {isa = PBXFileReference; explicitFileType = wrapper.application; includeInIndex = 0; path = Userdefaults.app; sourceTree = BUILT_PRODUCTS_DIR; };
		8C64EAE91F9E7722009AA3A7 /* AppDelegate.swift */ = {isa = PBXFileReference; lastKnownFileType = sourcecode.swift; path = AppDelegate.swift; sourceTree = "<group>"; };
		8C64EAEB1F9E7722009AA3A7 /* ViewController.swift */ = {isa = PBXFileReference; lastKnownFileType = sourcecode.swift; path = ViewController.swift; sourceTree = "<group>"; };
		8C64EAEE1F9E7722009AA3A7 /* Base */ = {isa = PBXFileReference; lastKnownFileType = file.storyboard; name = Base; path = Base.lproj/Main.storyboard; sourceTree = "<group>"; };
		8C64EAF01F9E7722009AA3A7 /* Assets.xcassets */ = {isa = PBXFileReference; lastKnownFileType = folder.assetcatalog; path = Assets.xcassets; sourceTree = "<group>"; };
		8C64EAF31F9E7722009AA3A7 /* Base */ = {isa = PBXFileReference; lastKnownFileType = file.storyboard; name = Base; path = Base.lproj/LaunchScreen.storyboard; sourceTree = "<group>"; };
		8C64EAF51F9E7722009AA3A7 /* Info.plist */ = {isa = PBXFileReference; lastKnownFileType = text.plist.xml; path = Info.plist; sourceTree = "<group>"; };
/* End PBXFileReference section */

/* Begin PBXFrameworksBuildPhase section */
		8C64EAE31F9E7722009AA3A7 /* Frameworks */ = {
			isa = PBXFrameworksBuildPhase;
			buildActionMask = 2147483647;
			files = (
			);
			runOnlyForDeploymentPostprocessing = 0;
		};
/* End PBXFrameworksBuildPhase section */

/* Begin PBXGroup section */
		8C64EADD1F9E7722009AA3A7 = {
			isa = PBXGroup;
			children = (
				8C64EAE81F9E7722009AA3A7 /* Userdefaults */,
				8C64EAE71F9E7722009AA3A7 /* Products */,
			);
			sourceTree = "<group>";
		};
		8C64EAE71F9E7722009AA3A7 /* Products */ = {
			isa = PBXGroup;
			children = (
				8C64EAE61F9E7722009AA3A7 /* Userdefaults.app */,
			);
			name = Products;
			sourceTree = "<group>";
		};
		8C64EAE81F9E7722009AA3A7 /* Userdefaults */ = {
			isa = PBXGroup;
			children = (
				8C64EAE91F9E7722009AA3A7 /* AppDelegate.swift */,
				8C64EAEB1F9E7722009AA3A7 /* ViewController.swift */,
				8C64EAED1F9E7722009AA3A7 /* Main.storyboard */,
				8C64EAF01F9E7722009AA3A7 /* Assets.xcassets */,
				8C64EAF21F9E7722009AA3A7 /* LaunchScreen.storyboard */,
				8C64EAF51F9E7722009AA3A7 /* Info.plist */,
			);
			path = Userdefaults;
			sourceTree = "<group>";
		};
/* End PBXGroup section */

/* Begin PBXNativeTarget section */
		8C64EAE51F9E7722009AA3A7 /* Userdefaults */ = {
			isa = PBXNativeTarget;
			buildConfigurationList = 8C64EAF81F9E7722009AA3A7 /* Build configuration list for PBXNativeTarget "Userdefaults" */;
			buildPhases = (
				8C64EAE21F9E7722009AA3A7 /* Sources */,
				8C64EAE31F9E7722009AA3A7 /* Frameworks */,
				8C64EAE41F9E7722009AA3A7 /* Resources */,
			);
			buildRules = (
			);
			dependencies = (
			);
			name = Userdefaults;
			productName = Userdefaults;
			productReference = 8C64EAE61F9E7722009AA3A7 /* Userdefaults.app */;
			productType = "com.apple.product-type.application";
		};
/* End PBXNativeTarget section */

/* Begin PBXProject section */
		8C64EADE1F9E7722009AA3A7 /* Project object */ = {
			isa = PBXProject;
			attributes = {
				LastSwiftUpdateCheck = 0900;
				LastUpgradeCheck = 0900;
				ORGANIZATIONNAME = macbookUser;
				TargetAttributes = {
					8C64EAE51F9E7722009AA3A7 = {
						CreatedOnToolsVersion = 9.0.1;
						ProvisioningStyle = Automatic;
					};
				};
			};
			buildConfigurationList = 8C64EAE11F9E7722009AA3A7 /* Build configuration list for PBXProject "Userdefaults" */;
			compatibilityVersion = "Xcode 8.0";
			developmentRegion = en;
			hasScannedForEncodings = 0;
			knownRegions = (
				en,
				Base,
			);
			mainGroup = 8C64EADD1F9E7722009AA3A7;
			productRefGroup = 8C64EAE71F9E7722009AA3A7 /* Products */;
			projectDirPath = "";
			projectRoot = "";
			targets = (
				8C64EAE51F9E7722009AA3A7 /* Userdefaults */,
			);
		};
/* End PBXProject section */

/* Begin PBXResourcesBuildPhase section */
		8C64EAE41F9E7722009AA3A7 /* Resources */ = {
			isa = PBXResourcesBuildPhase;
			buildActionMask = 2147483647;
			files = (
				8C64EAF41F9E7722009AA3A7 /* LaunchScreen.storyboard in Resources */,
				8C64EAF11F9E7722009AA3A7 /* Assets.xcassets in Resources */,
				8C64EAEF1F9E7722009AA3A7 /* Main.storyboard in Resources */,
			);
			runOnlyForDeploymentPostprocessing = 0;
		};
/* End PBXResourcesBuildPhase section */

/* Begin PBXSourcesBuildPhase section */
		8C64EAE21F9E7722009AA3A7 /* Sources */ = {
			isa = PBXSourcesBuildPhase;
			buildActionMask = 2147483647;
			files = (
				8C64EAEC1F9E7722009AA3A7 /* ViewController.swift in Sources */,
				8C64EAEA1F9E7722009AA3A7 /* AppDelegate.swift in Sources */,
			);
			runOnlyForDeploymentPostprocessing = 0;
		};
/* End PBXSourcesBuildPhase section */

/* Begin PBXVariantGroup section */
		8C64EAED1F9E7722009AA3A7 /* Main.storyboard */ = {
			isa = PBXVariantGroup;
			children = (
				8C64EAEE1F9E7722009AA3A7 /* Base */,
			);
			name = Main.storyboard;
			sourceTree = "<group>";
		};
		8C64EAF21F9E7722009AA3A7 /* LaunchScreen.storyboard */ = {
			isa = PBXVariantGroup;
			children = (
				8C64EAF31F9E7722009AA3A7 /* Base */,
			);
			name = LaunchScreen.storyboard;
			sourceTree = "<group>";
		};
/* End PBXVariantGroup section */

/* Begin XCBuildConfiguration section */
		8C64EAF61F9E7722009AA3A7 /* Debug */ = {
			isa = XCBuildConfiguration;
			buildSettings = {
				ALWAYS_SEARCH_USER_PATHS = NO;
				CLANG_ANALYZER_NONNULL = YES;
				CLANG_ANALYZER_NUMBER_OBJECT_CONVERSION = YES_AGGRESSIVE;
				CLANG_CXX_LANGUAGE_STANDARD = "gnu++14";
				CLANG_CXX_LIBRARY = "libc++";
				CLANG_ENABLE_MODULES = YES;
				CLANG_ENABLE_OBJC_ARC = YES;
				CLANG_WARN_BLOCK_CAPTURE_AUTORELEASING = YES;
				CLANG_WARN_BOOL_CONVERSION = YES;
				CLANG_WARN_COMMA = YES;
				CLANG_WARN_CONSTANT_CONVERSION = YES;
				CLANG_WARN_DIRECT_OBJC_ISA_USAGE = YES_ERROR;
				CLANG_WARN_DOCUMENTATION_COMMENTS = YES;
				CLANG_WARN_EMPTY_BODY = YES;
				CLANG_WARN_ENUM_CONVERSION = YES;
				CLANG_WARN_INFINITE_RECURSION = YES;
				CLANG_WARN_INT_CONVERSION = YES;
				CLANG_WARN_NON_LITERAL_NULL_CONVERSION = YES;
				CLANG_WARN_OBJC_LITERAL_CONVERSION = YES;
				CLANG_WARN_OBJC_ROOT_CLASS = YES_ERROR;
				CLANG_WARN_RANGE_LOOP_ANALYSIS = YES;
				CLANG_WARN_STRICT_PROTOTYPES = YES;
				CLANG_WARN_SUSPICIOUS_MOVE = YES;
				CLANG_WARN_UNGUARDED_AVAILABILITY = YES_AGGRESSIVE;
				CLANG_WARN_UNREACHABLE_CODE = YES;
				CLANG_WARN__DUPLICATE_METHOD_MATCH = YES;
				CODE_SIGN_IDENTITY = "iPhone Developer";
				COPY_PHASE_STRIP = NO;
				DEBUG_INFORMATION_FORMAT = dwarf;
				ENABLE_STRICT_OBJC_MSGSEND = YES;
				ENABLE_TESTABILITY = YES;
				GCC_C_LANGUAGE_STANDARD = gnu11;
				GCC_DYNAMIC_NO_PIC = NO;
				GCC_NO_COMMON_BLOCKS = YES;
				GCC_OPTIMIZATION_LEVEL = 0;
				GCC_PREPROCESSOR_DEFINITIONS = (
					"DEBUG=1",
					"$(inherited)",
				);
				GCC_WARN_64_TO_32_BIT_CONVERSION = YES;
				GCC_WARN_ABOUT_RETURN_TYPE = YES_ERROR;
				GCC_WARN_UNDECLARED_SELECTOR = YES;
				GCC_WARN_UNINITIALIZED_AUTOS = YES_AGGRESSIVE;
				GCC_WARN_UNUSED_FUNCTION = YES;
				GCC_WARN_UNUSED_VARIABLE = YES;
				IPHONEOS_DEPLOYMENT_TARGET = 11.0;
				MTL_ENABLE_DEBUG_INFO = YES;
				ONLY_ACTIVE_ARCH = YES;
				SDKROOT = iphoneos;
				SWIFT_ACTIVE_COMPILATION_CONDITIONS = DEBUG;
				SWIFT_OPTIMIZATION_LEVEL = "-Onone";
			};
			name = Debug;
		};
		8C64EAF71F9E7722009AA3A7 /* Release */ = {
			isa = XCBuildConfiguration;
			buildSettings = {
				ALWAYS_SEARCH_USER_PATHS = NO;
				CLANG_ANALYZER_NONNULL = YES;
				CLANG_ANALYZER_NUMBER_OBJECT_CONVERSION = YES_AGGRESSIVE;
				CLANG_CXX_LANGUAGE_STANDARD = "gnu++14";
				CLANG_CXX_LIBRARY = "libc++";
				CLANG_ENABLE_MODULES = YES;
				CLANG_ENABLE_OBJC_ARC = YES;
				CLANG_WARN_BLOCK_CAPTURE_AUTORELEASING = YES;
				CLANG_WARN_BOOL_CONVERSION = YES;
				CLANG_WARN_COMMA = YES;
				CLANG_WARN_CONSTANT_CONVERSION = YES;
				CLANG_WARN_DIRECT_OBJC_ISA_USAGE = YES_ERROR;
				CLANG_WARN_DOCUMENTATION_COMMENTS = YES;
				CLANG_WARN_EMPTY_BODY = YES;
				CLANG_WARN_ENUM_CONVERSION = YES;
				CLANG_WARN_INFINITE_RECURSION = YES;
				CLANG_WARN_INT_CONVERSION = YES;
				CLANG_WARN_NON_LITERAL_NULL_CONVERSION = YES;
				CLANG_WARN_OBJC_LITERAL_CONVERSION = YES;
				CLANG_WARN_OBJC_ROOT_CLASS = YES_ERROR;
				CLANG_WARN_RANGE_LOOP_ANALYSIS = YES;
				CLANG_WARN_STRICT_PROTOTYPES = YES;
				CLANG_WARN_SUSPICIOUS_MOVE = YES;
				CLANG_WARN_UNGUARDED_AVAILABILITY = YES_AGGRESSIVE;
				CLANG_WARN_UNREACHABLE_CODE = YES;
				CLANG_WARN__DUPLICATE_METHOD_MATCH = YES;
				CODE_SIGN_IDENTITY = "iPhone Developer";
				COPY_PHASE_STRIP = NO;
				DEBUG_INFORMATION_FORMAT = "dwarf-with-dsym";
				ENABLE_NS_ASSERTIONS = NO;
				ENABLE_STRICT_OBJC_MSGSEND = YES;
				GCC_C_LANGUAGE_STANDARD = gnu11;
				GCC_NO_COMMON_BLOCKS = YES;
				GCC_WARN_64_TO_32_BIT_CONVERSION = YES;
				GCC_WARN_ABOUT_RETURN_TYPE = YES_ERROR;
				GCC_WARN_UNDECLARED_SELECTOR = YES;
				GCC_WARN_UNINITIALIZED_AUTOS = YES_AGGRESSIVE;
				GCC_WARN_UNUSED_FUNCTION = YES;
				GCC_WARN_UNUSED_VARIABLE = YES;
				IPHONEOS_DEPLOYMENT_TARGET = 11.0;
				MTL_ENABLE_DEBUG_INFO = NO;
				SDKROOT = iphoneos;
				SWIFT_OPTIMIZATION_LEVEL = "-Owholemodule";
				VALIDATE_PRODUCT = YES;
			};
			name = Release;
		};
		8C64EAF91F9E7722009AA3A7 /* Debug */ = {
			isa = XCBuildConfiguration;
			buildSettings = {
				ASSETCATALOG_COMPILER_APPICON_NAME = AppIcon;
				CODE_SIGN_STYLE = Automatic;
				INFOPLIST_FILE = Userdefaults/Info.plist;
				LD_RUNPATH_SEARCH_PATHS = "$(inherited) @executable_path/Frameworks";
				PRODUCT_BUNDLE_IDENTIFIER = macbookUser.Userdefaults;
				PRODUCT_NAME = "$(TARGET_NAME)";
				SWIFT_VERSION = 4.0;
				TARGETED_DEVICE_FAMILY = "1,2";
			};
			name = Debug;
		};
		8C64EAFA1F9E7722009AA3A7 /* Release */ = {
			isa = XCBuildConfiguration;
			buildSettings = {
				ASSETCATALOG_COMPILER_APPICON_NAME = AppIcon;
				CODE_SIGN_STYLE = Automatic;
				INFOPLIST_FILE = Userdefaults/Info.plist;
				LD_RUNPATH_SEARCH_PATHS = "$(inherited) @executable_path/Frameworks";
				PRODUCT_BUNDLE_IDENTIFIER = macbookUser.Userdefaults;
				PRODUCT_NAME = "$(TARGET_NAME)";
				SWIFT_VERSION = 4.0;
				TARGETED_DEVICE_FAMILY = "1,2";
			};
			name = Release;
		};
/* End XCBuildConfiguration section */

/* Begin XCConfigurationList section */
		8C64EAE11F9E7722009AA3A7 /* Build configuration list for PBXProject "Userdefaults" */ = {
			isa = XCConfigurationList;
			buildConfigurations = (
				8C64EAF61F9E7722009AA3A7 /* Debug */,
				8C64EAF71F9E7722009AA3A7 /* Release */,
			);
			defaultConfigurationIsVisible = 0;
			defaultConfigurationName = Release;
		};
		8C64EAF81F9E7722009AA3A7 /* Build configuration list for PBXNativeTarget "Userdefaults" */ = {
			isa = XCConfigurationList;
			buildConfigurations = (
				8C64EAF91F9E7722009AA3A7 /* Debug */,
				8C64EAFA1F9E7722009AA3A7 /* Release */,
			);
			defaultConfigurationIsVisible = 0;
			defaultConfigurationName = Release;
		};
/* End XCConfigurationList section */
	};
	rootObject = 8C64EADE1F9E7722009AA3A7 /* Project object */;
}
