// !$*UTF8*$!
{
	archiveVersion = 1;
	classes = {
	};
	objectVersion = 48;
	objects = {

/* Begin PBXBuildFile section */
		8C2166DE1FA7C032009FB97B /* AppDelegate.swift in Sources */ = {isa = PBXBuildFile; fileRef = 8C2166DD1FA7C032009FB97B /* AppDelegate.swift */; };
		8C2166E01FA7C032009FB97B /* ViewController.swift in Sources */ = {isa = PBXBuildFile; fileRef = 8C2166DF1FA7C032009FB97B /* ViewController.swift */; };
		8C2166E31FA7C032009FB97B /* Main.storyboard in Resources */ = {isa = PBXBuildFile; fileRef = 8C2166E11FA7C032009FB97B /* Main.storyboard */; };
		8C2166E51FA7C032009FB97B /* Assets.xcassets in Resources */ = {isa = PBXBuildFile; fileRef = 8C2166E41FA7C032009FB97B /* Assets.xcassets */; };
		8C2166E81FA7C032009FB97B /* LaunchScreen.storyboard in Resources */ = {isa = PBXBuildFile; fileRef = 8C2166E61FA7C032009FB97B /* LaunchScreen.storyboard */; };
		8C2166F01FA7C2BC009FB97B /* CustomTableViewCell.swift in Sources */ = {isa = PBXBuildFile; fileRef = 8C2166EF1FA7C2BC009FB97B /* CustomTableViewCell.swift */; };
		8C2166F21FA7C5A2009FB97B /* Fish.swift in Sources */ = {isa = PBXBuildFile; fileRef = 8C2166F11FA7C5A2009FB97B /* Fish.swift */; };
		ED983D045BEF9B8201DE4B5B /* Pods_WebFishes.framework in Frameworks */ = {isa = PBXBuildFile; fileRef = 1B63E4A2D9018090D06938A5 /* Pods_WebFishes.framework */; };
/* End PBXBuildFile section */

/* Begin PBXFileReference section */
		043B7E88D6968DAEC7AFDFC8 /* Pods-WebFishes.release.xcconfig */ = {isa = PBXFileReference; includeInIndex = 1; lastKnownFileType = text.xcconfig; name = "Pods-WebFishes.release.xcconfig"; path = "Pods/Target Support Files/Pods-WebFishes/Pods-WebFishes.release.xcconfig"; sourceTree = "<group>"; };
		1B63E4A2D9018090D06938A5 /* Pods_WebFishes.framework */ = {isa = PBXFileReference; explicitFileType = wrapper.framework; includeInIndex = 0; path = Pods_WebFishes.framework; sourceTree = BUILT_PRODUCTS_DIR; };
		7493A4B833D9141F5E9A6E30 /* Pods-WebFishes.debug.xcconfig */ = {isa = PBXFileReference; includeInIndex = 1; lastKnownFileType = text.xcconfig; name = "Pods-WebFishes.debug.xcconfig"; path = "Pods/Target Support Files/Pods-WebFishes/Pods-WebFishes.debug.xcconfig"; sourceTree = "<group>"; };
		8C2166DA1FA7C032009FB97B /* WebFishes.app */ = {isa = PBXFileReference; explicitFileType = wrapper.application; includeInIndex = 0; path = WebFishes.app; sourceTree = BUILT_PRODUCTS_DIR; };
		8C2166DD1FA7C032009FB97B /* AppDelegate.swift */ = {isa = PBXFileReference; lastKnownFileType = sourcecode.swift; path = AppDelegate.swift; sourceTree = "<group>"; };
		8C2166DF1FA7C032009FB97B /* ViewController.swift */ = {isa = PBXFileReference; lastKnownFileType = sourcecode.swift; path = ViewController.swift; sourceTree = "<group>"; };
		8C2166E21FA7C032009FB97B /* Base */ = {isa = PBXFileReference; lastKnownFileType = file.storyboard; name = Base; path = Base.lproj/Main.storyboard; sourceTree = "<group>"; };
		8C2166E41FA7C032009FB97B /* Assets.xcassets */ = {isa = PBXFileReference; lastKnownFileType = folder.assetcatalog; path = Assets.xcassets; sourceTree = "<group>"; };
		8C2166E71FA7C032009FB97B /* Base */ = {isa = PBXFileReference; lastKnownFileType = file.storyboard; name = Base; path = Base.lproj/LaunchScreen.storyboard; sourceTree = "<group>"; };
		8C2166E91FA7C032009FB97B /* Info.plist */ = {isa = PBXFileReference; lastKnownFileType = text.plist.xml; path = Info.plist; sourceTree = "<group>"; };
		8C2166EF1FA7C2BC009FB97B /* CustomTableViewCell.swift */ = {isa = PBXFileReference; lastKnownFileType = sourcecode.swift; path = CustomTableViewCell.swift; sourceTree = "<group>"; };
		8C2166F11FA7C5A2009FB97B /* Fish.swift */ = {isa = PBXFileReference; lastKnownFileType = sourcecode.swift; path = Fish.swift; sourceTree = "<group>"; };
/* End PBXFileReference section */

/* Begin PBXFrameworksBuildPhase section */
		8C2166D71FA7C032009FB97B /* Frameworks */ = {
			isa = PBXFrameworksBuildPhase;
			buildActionMask = 2147483647;
			files = (
				ED983D045BEF9B8201DE4B5B /* Pods_WebFishes.framework in Frameworks */,
			);
			runOnlyForDeploymentPostprocessing = 0;
		};
/* End PBXFrameworksBuildPhase section */

/* Begin PBXGroup section */
		57AB4B7D5C9F6A2E7618CFE4 /* Pods */ = {
			isa = PBXGroup;
			children = (
				7493A4B833D9141F5E9A6E30 /* Pods-WebFishes.debug.xcconfig */,
				043B7E88D6968DAEC7AFDFC8 /* Pods-WebFishes.release.xcconfig */,
			);
			name = Pods;
			sourceTree = "<group>";
		};
		5F4A15D2BDDAA7665C4B7863 /* Frameworks */ = {
			isa = PBXGroup;
			children = (
				1B63E4A2D9018090D06938A5 /* Pods_WebFishes.framework */,
			);
			name = Frameworks;
			sourceTree = "<group>";
		};
		8C2166D11FA7C032009FB97B = {
			isa = PBXGroup;
			children = (
				8C2166DC1FA7C032009FB97B /* WebFishes */,
				8C2166DB1FA7C032009FB97B /* Products */,
				57AB4B7D5C9F6A2E7618CFE4 /* Pods */,
				5F4A15D2BDDAA7665C4B7863 /* Frameworks */,
			);
			sourceTree = "<group>";
		};
		8C2166DB1FA7C032009FB97B /* Products */ = {
			isa = PBXGroup;
			children = (
				8C2166DA1FA7C032009FB97B /* WebFishes.app */,
			);
			name = Products;
			sourceTree = "<group>";
		};
		8C2166DC1FA7C032009FB97B /* WebFishes */ = {
			isa = PBXGroup;
			children = (
				8C2166DD1FA7C032009FB97B /* AppDelegate.swift */,
				8C2166DF1FA7C032009FB97B /* ViewController.swift */,
				8C2166F11FA7C5A2009FB97B /* Fish.swift */,
				8C2166E11FA7C032009FB97B /* Main.storyboard */,
				8C2166EF1FA7C2BC009FB97B /* CustomTableViewCell.swift */,
				8C2166E41FA7C032009FB97B /* Assets.xcassets */,
				8C2166E61FA7C032009FB97B /* LaunchScreen.storyboard */,
				8C2166E91FA7C032009FB97B /* Info.plist */,
			);
			path = WebFishes;
			sourceTree = "<group>";
		};
/* End PBXGroup section */

/* Begin PBXNativeTarget section */
		8C2166D91FA7C032009FB97B /* WebFishes */ = {
			isa = PBXNativeTarget;
			buildConfigurationList = 8C2166EC1FA7C032009FB97B /* Build configuration list for PBXNativeTarget "WebFishes" */;
			buildPhases = (
				BDB25E7E954D38960E67A9DE /* [CP] Check Pods Manifest.lock */,
				8C2166D61FA7C032009FB97B /* Sources */,
				8C2166D71FA7C032009FB97B /* Frameworks */,
				8C2166D81FA7C032009FB97B /* Resources */,
				BA91025904E6E070DD9A5141 /* [CP] Embed Pods Frameworks */,
				F02CFBB9C410FD8924F57C9C /* [CP] Copy Pods Resources */,
			);
			buildRules = (
			);
			dependencies = (
			);
			name = WebFishes;
			productName = WebFishes;
			productReference = 8C2166DA1FA7C032009FB97B /* WebFishes.app */;
			productType = "com.apple.product-type.application";
		};
/* End PBXNativeTarget section */

/* Begin PBXProject section */
		8C2166D21FA7C032009FB97B /* Project object */ = {
			isa = PBXProject;
			attributes = {
				LastSwiftUpdateCheck = 0900;
				LastUpgradeCheck = 0900;
				ORGANIZATIONNAME = macbookUser;
				TargetAttributes = {
					8C2166D91FA7C032009FB97B = {
						CreatedOnToolsVersion = 9.0.1;
						ProvisioningStyle = Automatic;
					};
				};
			};
			buildConfigurationList = 8C2166D51FA7C032009FB97B /* Build configuration list for PBXProject "WebFishes" */;
			compatibilityVersion = "Xcode 8.0";
			developmentRegion = en;
			hasScannedForEncodings = 0;
			knownRegions = (
				en,
				Base,
			);
			mainGroup = 8C2166D11FA7C032009FB97B;
			productRefGroup = 8C2166DB1FA7C032009FB97B /* Products */;
			projectDirPath = "";
			projectRoot = "";
			targets = (
				8C2166D91FA7C032009FB97B /* WebFishes */,
			);
		};
/* End PBXProject section */

/* Begin PBXResourcesBuildPhase section */
		8C2166D81FA7C032009FB97B /* Resources */ = {
			isa = PBXResourcesBuildPhase;
			buildActionMask = 2147483647;
			files = (
				8C2166E81FA7C032009FB97B /* LaunchScreen.storyboard in Resources */,
				8C2166E51FA7C032009FB97B /* Assets.xcassets in Resources */,
				8C2166E31FA7C032009FB97B /* Main.storyboard in Resources */,
			);
			runOnlyForDeploymentPostprocessing = 0;
		};
/* End PBXResourcesBuildPhase section */

/* Begin PBXShellScriptBuildPhase section */
		BA91025904E6E070DD9A5141 /* [CP] Embed Pods Frameworks */ = {
			isa = PBXShellScriptBuildPhase;
			buildActionMask = 2147483647;
			files = (
			);
			inputPaths = (
				"${SRCROOT}/Pods/Target Support Files/Pods-WebFishes/Pods-WebFishes-frameworks.sh",
				"${BUILT_PRODUCTS_DIR}/Kingfisher/Kingfisher.framework",
			);
			name = "[CP] Embed Pods Frameworks";
			outputPaths = (
				"${TARGET_BUILD_DIR}/${FRAMEWORKS_FOLDER_PATH}/Kingfisher.framework",
			);
			runOnlyForDeploymentPostprocessing = 0;
			shellPath = /bin/sh;
			shellScript = "\"${SRCROOT}/Pods/Target Support Files/Pods-WebFishes/Pods-WebFishes-frameworks.sh\"\n";
			showEnvVarsInLog = 0;
		};
		BDB25E7E954D38960E67A9DE /* [CP] Check Pods Manifest.lock */ = {
			isa = PBXShellScriptBuildPhase;
			buildActionMask = 2147483647;
			files = (
			);
			inputPaths = (
				"${PODS_PODFILE_DIR_PATH}/Podfile.lock",
				"${PODS_ROOT}/Manifest.lock",
			);
			name = "[CP] Check Pods Manifest.lock";
			outputPaths = (
				"$(DERIVED_FILE_DIR)/Pods-WebFishes-checkManifestLockResult.txt",
			);
			runOnlyForDeploymentPostprocessing = 0;
			shellPath = /bin/sh;
			shellScript = "diff \"${PODS_PODFILE_DIR_PATH}/Podfile.lock\" \"${PODS_ROOT}/Manifest.lock\" > /dev/null\nif [ $? != 0 ] ; then\n    # print error to STDERR\n    echo \"error: The sandbox is not in sync with the Podfile.lock. Run 'pod install' or update your CocoaPods installation.\" >&2\n    exit 1\nfi\n# This output is used by Xcode 'outputs' to avoid re-running this script phase.\necho \"SUCCESS\" > \"${SCRIPT_OUTPUT_FILE_0}\"\n";
			showEnvVarsInLog = 0;
		};
		F02CFBB9C410FD8924F57C9C /* [CP] Copy Pods Resources */ = {
			isa = PBXShellScriptBuildPhase;
			buildActionMask = 2147483647;
			files = (
			);
			inputPaths = (
			);
			name = "[CP] Copy Pods Resources";
			outputPaths = (
			);
			runOnlyForDeploymentPostprocessing = 0;
			shellPath = /bin/sh;
			shellScript = "\"${SRCROOT}/Pods/Target Support Files/Pods-WebFishes/Pods-WebFishes-resources.sh\"\n";
			showEnvVarsInLog = 0;
		};
/* End PBXShellScriptBuildPhase section */

/* Begin PBXSourcesBuildPhase section */
		8C2166D61FA7C032009FB97B /* Sources */ = {
			isa = PBXSourcesBuildPhase;
			buildActionMask = 2147483647;
			files = (
				8C2166F01FA7C2BC009FB97B /* CustomTableViewCell.swift in Sources */,
				8C2166E01FA7C032009FB97B /* ViewController.swift in Sources */,
				8C2166DE1FA7C032009FB97B /* AppDelegate.swift in Sources */,
				8C2166F21FA7C5A2009FB97B /* Fish.swift in Sources */,
			);
			runOnlyForDeploymentPostprocessing = 0;
		};
/* End PBXSourcesBuildPhase section */

/* Begin PBXVariantGroup section */
		8C2166E11FA7C032009FB97B /* Main.storyboard */ = {
			isa = PBXVariantGroup;
			children = (
				8C2166E21FA7C032009FB97B /* Base */,
			);
			name = Main.storyboard;
			sourceTree = "<group>";
		};
		8C2166E61FA7C032009FB97B /* LaunchScreen.storyboard */ = {
			isa = PBXVariantGroup;
			children = (
				8C2166E71FA7C032009FB97B /* Base */,
			);
			name = LaunchScreen.storyboard;
			sourceTree = "<group>";
		};
/* End PBXVariantGroup section */

/* Begin XCBuildConfiguration section */
		8C2166EA1FA7C032009FB97B /* Debug */ = {
			isa = XCBuildConfiguration;
			buildSettings = {
				ALWAYS_SEARCH_USER_PATHS = NO;
				CLANG_ANALYZER_NONNULL = YES;
				CLANG_ANALYZER_NUMBER_OBJECT_CONVERSION = YES_AGGRESSIVE;
				CLANG_CXX_LANGUAGE_STANDARD = "gnu++14";
				CLANG_CXX_LIBRARY = "libc++";
				CLANG_ENABLE_MODULES = YES;
				CLANG_ENABLE_OBJC_ARC = YES;
				CLANG_WARN_BLOCK_CAPTURE_AUTORELEASING = YES;
				CLANG_WARN_BOOL_CONVERSION = YES;
				CLANG_WARN_COMMA = YES;
				CLANG_WARN_CONSTANT_CONVERSION = YES;
				CLANG_WARN_DIRECT_OBJC_ISA_USAGE = YES_ERROR;
				CLANG_WARN_DOCUMENTATION_COMMENTS = YES;
				CLANG_WARN_EMPTY_BODY = YES;
				CLANG_WARN_ENUM_CONVERSION = YES;
				CLANG_WARN_INFINITE_RECURSION = YES;
				CLANG_WARN_INT_CONVERSION = YES;
				CLANG_WARN_NON_LITERAL_NULL_CONVERSION = YES;
				CLANG_WARN_OBJC_LITERAL_CONVERSION = YES;
				CLANG_WARN_OBJC_ROOT_CLASS = YES_ERROR;
				CLANG_WARN_RANGE_LOOP_ANALYSIS = YES;
				CLANG_WARN_STRICT_PROTOTYPES = YES;
				CLANG_WARN_SUSPICIOUS_MOVE = YES;
				CLANG_WARN_UNGUARDED_AVAILABILITY = YES_AGGRESSIVE;
				CLANG_WARN_UNREACHABLE_CODE = YES;
				CLANG_WARN__DUPLICATE_METHOD_MATCH = YES;
				CODE_SIGN_IDENTITY = "iPhone Developer";
				COPY_PHASE_STRIP = NO;
				DEBUG_INFORMATION_FORMAT = dwarf;
				ENABLE_STRICT_OBJC_MSGSEND = YES;
				ENABLE_TESTABILITY = YES;
				GCC_C_LANGUAGE_STANDARD = gnu11;
				GCC_DYNAMIC_NO_PIC = NO;
				GCC_NO_COMMON_BLOCKS = YES;
				GCC_OPTIMIZATION_LEVEL = 0;
				GCC_PREPROCESSOR_DEFINITIONS = (
					"DEBUG=1",
					"$(inherited)",
				);
				GCC_WARN_64_TO_32_BIT_CONVERSION = YES;
				GCC_WARN_ABOUT_RETURN_TYPE = YES_ERROR;
				GCC_WARN_UNDECLARED_SELECTOR = YES;
				GCC_WARN_UNINITIALIZED_AUTOS = YES_AGGRESSIVE;
				GCC_WARN_UNUSED_FUNCTION = YES;
				GCC_WARN_UNUSED_VARIABLE = YES;
				IPHONEOS_DEPLOYMENT_TARGET = 11.0;
				MTL_ENABLE_DEBUG_INFO = YES;
				ONLY_ACTIVE_ARCH = YES;
				SDKROOT = iphoneos;
				SWIFT_ACTIVE_COMPILATION_CONDITIONS = DEBUG;
				SWIFT_OPTIMIZATION_LEVEL = "-Onone";
			};
			name = Debug;
		};
		8C2166EB1FA7C032009FB97B /* Release */ = {
			isa = XCBuildConfiguration;
			buildSettings = {
				ALWAYS_SEARCH_USER_PATHS = NO;
				CLANG_ANALYZER_NONNULL = YES;
				CLANG_ANALYZER_NUMBER_OBJECT_CONVERSION = YES_AGGRESSIVE;
				CLANG_CXX_LANGUAGE_STANDARD = "gnu++14";
				CLANG_CXX_LIBRARY = "libc++";
				CLANG_ENABLE_MODULES = YES;
				CLANG_ENABLE_OBJC_ARC = YES;
				CLANG_WARN_BLOCK_CAPTURE_AUTORELEASING = YES;
				CLANG_WARN_BOOL_CONVERSION = YES;
				CLANG_WARN_COMMA = YES;
				CLANG_WARN_CONSTANT_CONVERSION = YES;
				CLANG_WARN_DIRECT_OBJC_ISA_USAGE = YES_ERROR;
				CLANG_WARN_DOCUMENTATION_COMMENTS = YES;
				CLANG_WARN_EMPTY_BODY = YES;
				CLANG_WARN_ENUM_CONVERSION = YES;
				CLANG_WARN_INFINITE_RECURSION = YES;
				CLANG_WARN_INT_CONVERSION = YES;
				CLANG_WARN_NON_LITERAL_NULL_CONVERSION = YES;
				CLANG_WARN_OBJC_LITERAL_CONVERSION = YES;
				CLANG_WARN_OBJC_ROOT_CLASS = YES_ERROR;
				CLANG_WARN_RANGE_LOOP_ANALYSIS = YES;
				CLANG_WARN_STRICT_PROTOTYPES = YES;
				CLANG_WARN_SUSPICIOUS_MOVE = YES;
				CLANG_WARN_UNGUARDED_AVAILABILITY = YES_AGGRESSIVE;
				CLANG_WARN_UNREACHABLE_CODE = YES;
				CLANG_WARN__DUPLICATE_METHOD_MATCH = YES;
				CODE_SIGN_IDENTITY = "iPhone Developer";
				COPY_PHASE_STRIP = NO;
				DEBUG_INFORMATION_FORMAT = "dwarf-with-dsym";
				ENABLE_NS_ASSERTIONS = NO;
				ENABLE_STRICT_OBJC_MSGSEND = YES;
				GCC_C_LANGUAGE_STANDARD = gnu11;
				GCC_NO_COMMON_BLOCKS = YES;
				GCC_WARN_64_TO_32_BIT_CONVERSION = YES;
				GCC_WARN_ABOUT_RETURN_TYPE = YES_ERROR;
				GCC_WARN_UNDECLARED_SELECTOR = YES;
				GCC_WARN_UNINITIALIZED_AUTOS = YES_AGGRESSIVE;
				GCC_WARN_UNUSED_FUNCTION = YES;
				GCC_WARN_UNUSED_VARIABLE = YES;
				IPHONEOS_DEPLOYMENT_TARGET = 11.0;
				MTL_ENABLE_DEBUG_INFO = NO;
				SDKROOT = iphoneos;
				SWIFT_OPTIMIZATION_LEVEL = "-Owholemodule";
				VALIDATE_PRODUCT = YES;
			};
			name = Release;
		};
		8C2166ED1FA7C032009FB97B /* Debug */ = {
			isa = XCBuildConfiguration;
			baseConfigurationReference = 7493A4B833D9141F5E9A6E30 /* Pods-WebFishes.debug.xcconfig */;
			buildSettings = {
				ASSETCATALOG_COMPILER_APPICON_NAME = AppIcon;
				CODE_SIGN_STYLE = Automatic;
				INFOPLIST_FILE = WebFishes/Info.plist;
				LD_RUNPATH_SEARCH_PATHS = "$(inherited) @executable_path/Frameworks";
				PRODUCT_BUNDLE_IDENTIFIER = macbookUser.WebFishes;
				PRODUCT_NAME = "$(TARGET_NAME)";
				SWIFT_VERSION = 4.0;
				TARGETED_DEVICE_FAMILY = "1,2";
			};
			name = Debug;
		};
		8C2166EE1FA7C032009FB97B /* Release */ = {
			isa = XCBuildConfiguration;
			baseConfigurationReference = 043B7E88D6968DAEC7AFDFC8 /* Pods-WebFishes.release.xcconfig */;
			buildSettings = {
				ASSETCATALOG_COMPILER_APPICON_NAME = AppIcon;
				CODE_SIGN_STYLE = Automatic;
				INFOPLIST_FILE = WebFishes/Info.plist;
				LD_RUNPATH_SEARCH_PATHS = "$(inherited) @executable_path/Frameworks";
				PRODUCT_BUNDLE_IDENTIFIER = macbookUser.WebFishes;
				PRODUCT_NAME = "$(TARGET_NAME)";
				SWIFT_VERSION = 4.0;
				TARGETED_DEVICE_FAMILY = "1,2";
			};
			name = Release;
		};
/* End XCBuildConfiguration section */

/* Begin XCConfigurationList section */
		8C2166D51FA7C032009FB97B /* Build configuration list for PBXProject "WebFishes" */ = {
			isa = XCConfigurationList;
			buildConfigurations = (
				8C2166EA1FA7C032009FB97B /* Debug */,
				8C2166EB1FA7C032009FB97B /* Release */,
			);
			defaultConfigurationIsVisible = 0;
			defaultConfigurationName = Release;
		};
		8C2166EC1FA7C032009FB97B /* Build configuration list for PBXNativeTarget "WebFishes" */ = {
			isa = XCConfigurationList;
			buildConfigurations = (
				8C2166ED1FA7C032009FB97B /* Debug */,
				8C2166EE1FA7C032009FB97B /* Release */,
			);
			defaultConfigurationIsVisible = 0;
			defaultConfigurationName = Release;
		};
/* End XCConfigurationList section */
	};
	rootObject = 8C2166D21FA7C032009FB97B /* Project object */;
}
