// !$*UTF8*$!
{
	archiveVersion = 1;
	classes = {
	};
	objectVersion = 48;
	objects = {

/* Begin PBXBuildFile section */
		8CD6C0DC1F97E4B000C0EB05 /* AppDelegate.swift in Sources */ = {isa = PBXBuildFile; fileRef = 8CD6C0DB1F97E4B000C0EB05 /* AppDelegate.swift */; };
		8CD6C0DE1F97E4B000C0EB05 /* ViewController.swift in Sources */ = {isa = PBXBuildFile; fileRef = 8CD6C0DD1F97E4B000C0EB05 /* ViewController.swift */; };
		8CD6C0E11F97E4B000C0EB05 /* Main.storyboard in Resources */ = {isa = PBXBuildFile; fileRef = 8CD6C0DF1F97E4B000C0EB05 /* Main.storyboard */; };
		8CD6C0E31F97E4B000C0EB05 /* Assets.xcassets in Resources */ = {isa = PBXBuildFile; fileRef = 8CD6C0E21F97E4B000C0EB05 /* Assets.xcassets */; };
		8CD6C0E61F97E4B000C0EB05 /* LaunchScreen.storyboard in Resources */ = {isa = PBXBuildFile; fileRef = 8CD6C0E41F97E4B000C0EB05 /* LaunchScreen.storyboard */; };
		8CD6C0EE1F97EAEE00C0EB05 /* TableViewCell.swift in Sources */ = {isa = PBXBuildFile; fileRef = 8CD6C0ED1F97EAEE00C0EB05 /* TableViewCell.swift */; };
/* End PBXBuildFile section */

/* Begin PBXFileReference section */
		8CD6C0D81F97E4B000C0EB05 /* Mail.app */ = {isa = PBXFileReference; explicitFileType = wrapper.application; includeInIndex = 0; path = Mail.app; sourceTree = BUILT_PRODUCTS_DIR; };
		8CD6C0DB1F97E4B000C0EB05 /* AppDelegate.swift */ = {isa = PBXFileReference; lastKnownFileType = sourcecode.swift; path = AppDelegate.swift; sourceTree = "<group>"; };
		8CD6C0DD1F97E4B000C0EB05 /* ViewController.swift */ = {isa = PBXFileReference; lastKnownFileType = sourcecode.swift; path = ViewController.swift; sourceTree = "<group>"; };
		8CD6C0E01F97E4B000C0EB05 /* Base */ = {isa = PBXFileReference; lastKnownFileType = file.storyboard; name = Base; path = Base.lproj/Main.storyboard; sourceTree = "<group>"; };
		8CD6C0E21F97E4B000C0EB05 /* Assets.xcassets */ = {isa = PBXFileReference; lastKnownFileType = folder.assetcatalog; path = Assets.xcassets; sourceTree = "<group>"; };
		8CD6C0E51F97E4B000C0EB05 /* Base */ = {isa = PBXFileReference; lastKnownFileType = file.storyboard; name = Base; path = Base.lproj/LaunchScreen.storyboard; sourceTree = "<group>"; };
		8CD6C0E71F97E4B000C0EB05 /* Info.plist */ = {isa = PBXFileReference; lastKnownFileType = text.plist.xml; path = Info.plist; sourceTree = "<group>"; };
		8CD6C0ED1F97EAEE00C0EB05 /* TableViewCell.swift */ = {isa = PBXFileReference; lastKnownFileType = sourcecode.swift; path = TableViewCell.swift; sourceTree = "<group>"; };
/* End PBXFileReference section */

/* Begin PBXFrameworksBuildPhase section */
		8CD6C0D51F97E4B000C0EB05 /* Frameworks */ = {
			isa = PBXFrameworksBuildPhase;
			buildActionMask = 2147483647;
			files = (
			);
			runOnlyForDeploymentPostprocessing = 0;
		};
/* End PBXFrameworksBuildPhase section */

/* Begin PBXGroup section */
		8CD6C0CF1F97E4B000C0EB05 = {
			isa = PBXGroup;
			children = (
				8CD6C0DA1F97E4B000C0EB05 /* Mail */,
				8CD6C0D91F97E4B000C0EB05 /* Products */,
			);
			sourceTree = "<group>";
		};
		8CD6C0D91F97E4B000C0EB05 /* Products */ = {
			isa = PBXGroup;
			children = (
				8CD6C0D81F97E4B000C0EB05 /* Mail.app */,
			);
			name = Products;
			sourceTree = "<group>";
		};
		8CD6C0DA1F97E4B000C0EB05 /* Mail */ = {
			isa = PBXGroup;
			children = (
				8CD6C0DB1F97E4B000C0EB05 /* AppDelegate.swift */,
				8CD6C0DD1F97E4B000C0EB05 /* ViewController.swift */,
				8CD6C0DF1F97E4B000C0EB05 /* Main.storyboard */,
				8CD6C0ED1F97EAEE00C0EB05 /* TableViewCell.swift */,
				8CD6C0E21F97E4B000C0EB05 /* Assets.xcassets */,
				8CD6C0E41F97E4B000C0EB05 /* LaunchScreen.storyboard */,
				8CD6C0E71F97E4B000C0EB05 /* Info.plist */,
			);
			path = Mail;
			sourceTree = "<group>";
		};
/* End PBXGroup section */

/* Begin PBXNativeTarget section */
		8CD6C0D71F97E4B000C0EB05 /* Mail */ = {
			isa = PBXNativeTarget;
			buildConfigurationList = 8CD6C0EA1F97E4B000C0EB05 /* Build configuration list for PBXNativeTarget "Mail" */;
			buildPhases = (
				8CD6C0D41F97E4B000C0EB05 /* Sources */,
				8CD6C0D51F97E4B000C0EB05 /* Frameworks */,
				8CD6C0D61F97E4B000C0EB05 /* Resources */,
			);
			buildRules = (
			);
			dependencies = (
			);
			name = Mail;
			productName = Mail;
			productReference = 8CD6C0D81F97E4B000C0EB05 /* Mail.app */;
			productType = "com.apple.product-type.application";
		};
/* End PBXNativeTarget section */

/* Begin PBXProject section */
		8CD6C0D01F97E4B000C0EB05 /* Project object */ = {
			isa = PBXProject;
			attributes = {
				LastSwiftUpdateCheck = 0900;
				LastUpgradeCheck = 0900;
				ORGANIZATIONNAME = macbookUser;
				TargetAttributes = {
					8CD6C0D71F97E4B000C0EB05 = {
						CreatedOnToolsVersion = 9.0;
						ProvisioningStyle = Automatic;
					};
				};
			};
			buildConfigurationList = 8CD6C0D31F97E4B000C0EB05 /* Build configuration list for PBXProject "Mail" */;
			compatibilityVersion = "Xcode 8.0";
			developmentRegion = en;
			hasScannedForEncodings = 0;
			knownRegions = (
				en,
				Base,
			);
			mainGroup = 8CD6C0CF1F97E4B000C0EB05;
			productRefGroup = 8CD6C0D91F97E4B000C0EB05 /* Products */;
			projectDirPath = "";
			projectRoot = "";
			targets = (
				8CD6C0D71F97E4B000C0EB05 /* Mail */,
			);
		};
/* End PBXProject section */

/* Begin PBXResourcesBuildPhase section */
		8CD6C0D61F97E4B000C0EB05 /* Resources */ = {
			isa = PBXResourcesBuildPhase;
			buildActionMask = 2147483647;
			files = (
				8CD6C0E61F97E4B000C0EB05 /* LaunchScreen.storyboard in Resources */,
				8CD6C0E31F97E4B000C0EB05 /* Assets.xcassets in Resources */,
				8CD6C0E11F97E4B000C0EB05 /* Main.storyboard in Resources */,
			);
			runOnlyForDeploymentPostprocessing = 0;
		};
/* End PBXResourcesBuildPhase section */

/* Begin PBXSourcesBuildPhase section */
		8CD6C0D41F97E4B000C0EB05 /* Sources */ = {
			isa = PBXSourcesBuildPhase;
			buildActionMask = 2147483647;
			files = (
				8CD6C0EE1F97EAEE00C0EB05 /* TableViewCell.swift in Sources */,
				8CD6C0DE1F97E4B000C0EB05 /* ViewController.swift in Sources */,
				8CD6C0DC1F97E4B000C0EB05 /* AppDelegate.swift in Sources */,
			);
			runOnlyForDeploymentPostprocessing = 0;
		};
/* End PBXSourcesBuildPhase section */

/* Begin PBXVariantGroup section */
		8CD6C0DF1F97E4B000C0EB05 /* Main.storyboard */ = {
			isa = PBXVariantGroup;
			children = (
				8CD6C0E01F97E4B000C0EB05 /* Base */,
			);
			name = Main.storyboard;
			sourceTree = "<group>";
		};
		8CD6C0E41F97E4B000C0EB05 /* LaunchScreen.storyboard */ = {
			isa = PBXVariantGroup;
			children = (
				8CD6C0E51F97E4B000C0EB05 /* Base */,
			);
			name = LaunchScreen.storyboard;
			sourceTree = "<group>";
		};
/* End PBXVariantGroup section */

/* Begin XCBuildConfiguration section */
		8CD6C0E81F97E4B000C0EB05 /* Debug */ = {
			isa = XCBuildConfiguration;
			buildSettings = {
				ALWAYS_SEARCH_USER_PATHS = NO;
				CLANG_ANALYZER_NONNULL = YES;
				CLANG_ANALYZER_NUMBER_OBJECT_CONVERSION = YES_AGGRESSIVE;
				CLANG_CXX_LANGUAGE_STANDARD = "gnu++14";
				CLANG_CXX_LIBRARY = "libc++";
				CLANG_ENABLE_MODULES = YES;
				CLANG_ENABLE_OBJC_ARC = YES;
				CLANG_WARN_BLOCK_CAPTURE_AUTORELEASING = YES;
				CLANG_WARN_BOOL_CONVERSION = YES;
				CLANG_WARN_COMMA = YES;
				CLANG_WARN_CONSTANT_CONVERSION = YES;
				CLANG_WARN_DIRECT_OBJC_ISA_USAGE = YES_ERROR;
				CLANG_WARN_DOCUMENTATION_COMMENTS = YES;
				CLANG_WARN_EMPTY_BODY = YES;
				CLANG_WARN_ENUM_CONVERSION = YES;
				CLANG_WARN_INFINITE_RECURSION = YES;
				CLANG_WARN_INT_CONVERSION = YES;
				CLANG_WARN_NON_LITERAL_NULL_CONVERSION = YES;
				CLANG_WARN_OBJC_LITERAL_CONVERSION = YES;
				CLANG_WARN_OBJC_ROOT_CLASS = YES_ERROR;
				CLANG_WARN_RANGE_LOOP_ANALYSIS = YES;
				CLANG_WARN_STRICT_PROTOTYPES = YES;
				CLANG_WARN_SUSPICIOUS_MOVE = YES;
				CLANG_WARN_UNGUARDED_AVAILABILITY = YES_AGGRESSIVE;
				CLANG_WARN_UNREACHABLE_CODE = YES;
				CLANG_WARN__DUPLICATE_METHOD_MATCH = YES;
				CODE_SIGN_IDENTITY = "iPhone Developer";
				COPY_PHASE_STRIP = NO;
				DEBUG_INFORMATION_FORMAT = dwarf;
				ENABLE_STRICT_OBJC_MSGSEND = YES;
				ENABLE_TESTABILITY = YES;
				GCC_C_LANGUAGE_STANDARD = gnu11;
				GCC_DYNAMIC_NO_PIC = NO;
				GCC_NO_COMMON_BLOCKS = YES;
				GCC_OPTIMIZATION_LEVEL = 0;
				GCC_PREPROCESSOR_DEFINITIONS = (
					"DEBUG=1",
					"$(inherited)",
				);
				GCC_WARN_64_TO_32_BIT_CONVERSION = YES;
				GCC_WARN_ABOUT_RETURN_TYPE = YES_ERROR;
				GCC_WARN_UNDECLARED_SELECTOR = YES;
				GCC_WARN_UNINITIALIZED_AUTOS = YES_AGGRESSIVE;
				GCC_WARN_UNUSED_FUNCTION = YES;
				GCC_WARN_UNUSED_VARIABLE = YES;
				IPHONEOS_DEPLOYMENT_TARGET = 11.0;
				MTL_ENABLE_DEBUG_INFO = YES;
				ONLY_ACTIVE_ARCH = YES;
				SDKROOT = iphoneos;
				SWIFT_ACTIVE_COMPILATION_CONDITIONS = DEBUG;
				SWIFT_OPTIMIZATION_LEVEL = "-Onone";
			};
			name = Debug;
		};
		8CD6C0E91F97E4B000C0EB05 /* Release */ = {
			isa = XCBuildConfiguration;
			buildSettings = {
				ALWAYS_SEARCH_USER_PATHS = NO;
				CLANG_ANALYZER_NONNULL = YES;
				CLANG_ANALYZER_NUMBER_OBJECT_CONVERSION = YES_AGGRESSIVE;
				CLANG_CXX_LANGUAGE_STANDARD = "gnu++14";
				CLANG_CXX_LIBRARY = "libc++";
				CLANG_ENABLE_MODULES = YES;
				CLANG_ENABLE_OBJC_ARC = YES;
				CLANG_WARN_BLOCK_CAPTURE_AUTORELEASING = YES;
				CLANG_WARN_BOOL_CONVERSION = YES;
				CLANG_WARN_COMMA = YES;
				CLANG_WARN_CONSTANT_CONVERSION = YES;
				CLANG_WARN_DIRECT_OBJC_ISA_USAGE = YES_ERROR;
				CLANG_WARN_DOCUMENTATION_COMMENTS = YES;
				CLANG_WARN_EMPTY_BODY = YES;
				CLANG_WARN_ENUM_CONVERSION = YES;
				CLANG_WARN_INFINITE_RECURSION = YES;
				CLANG_WARN_INT_CONVERSION = YES;
				CLANG_WARN_NON_LITERAL_NULL_CONVERSION = YES;
				CLANG_WARN_OBJC_LITERAL_CONVERSION = YES;
				CLANG_WARN_OBJC_ROOT_CLASS = YES_ERROR;
				CLANG_WARN_RANGE_LOOP_ANALYSIS = YES;
				CLANG_WARN_STRICT_PROTOTYPES = YES;
				CLANG_WARN_SUSPICIOUS_MOVE = YES;
				CLANG_WARN_UNGUARDED_AVAILABILITY = YES_AGGRESSIVE;
				CLANG_WARN_UNREACHABLE_CODE = YES;
				CLANG_WARN__DUPLICATE_METHOD_MATCH = YES;
				CODE_SIGN_IDENTITY = "iPhone Developer";
				COPY_PHASE_STRIP = NO;
				DEBUG_INFORMATION_FORMAT = "dwarf-with-dsym";
				ENABLE_NS_ASSERTIONS = NO;
				ENABLE_STRICT_OBJC_MSGSEND = YES;
				GCC_C_LANGUAGE_STANDARD = gnu11;
				GCC_NO_COMMON_BLOCKS = YES;
				GCC_WARN_64_TO_32_BIT_CONVERSION = YES;
				GCC_WARN_ABOUT_RETURN_TYPE = YES_ERROR;
				GCC_WARN_UNDECLARED_SELECTOR = YES;
				GCC_WARN_UNINITIALIZED_AUTOS = YES_AGGRESSIVE;
				GCC_WARN_UNUSED_FUNCTION = YES;
				GCC_WARN_UNUSED_VARIABLE = YES;
				IPHONEOS_DEPLOYMENT_TARGET = 11.0;
				MTL_ENABLE_DEBUG_INFO = NO;
				SDKROOT = iphoneos;
				SWIFT_OPTIMIZATION_LEVEL = "-Owholemodule";
				VALIDATE_PRODUCT = YES;
			};
			name = Release;
		};
		8CD6C0EB1F97E4B000C0EB05 /* Debug */ = {
			isa = XCBuildConfiguration;
			buildSettings = {
				ASSETCATALOG_COMPILER_APPICON_NAME = AppIcon;
				CODE_SIGN_STYLE = Automatic;
				INFOPLIST_FILE = Mail/Info.plist;
				LD_RUNPATH_SEARCH_PATHS = "$(inherited) @executable_path/Frameworks";
				PRODUCT_BUNDLE_IDENTIFIER = macbookUser.Mail;
				PRODUCT_NAME = "$(TARGET_NAME)";
				SWIFT_VERSION = 4.0;
				TARGETED_DEVICE_FAMILY = "1,2";
			};
			name = Debug;
		};
		8CD6C0EC1F97E4B000C0EB05 /* Release */ = {
			isa = XCBuildConfiguration;
			buildSettings = {
				ASSETCATALOG_COMPILER_APPICON_NAME = AppIcon;
				CODE_SIGN_STYLE = Automatic;
				INFOPLIST_FILE = Mail/Info.plist;
				LD_RUNPATH_SEARCH_PATHS = "$(inherited) @executable_path/Frameworks";
				PRODUCT_BUNDLE_IDENTIFIER = macbookUser.Mail;
				PRODUCT_NAME = "$(TARGET_NAME)";
				SWIFT_VERSION = 4.0;
				TARGETED_DEVICE_FAMILY = "1,2";
			};
			name = Release;
		};
/* End XCBuildConfiguration section */

/* Begin XCConfigurationList section */
		8CD6C0D31F97E4B000C0EB05 /* Build configuration list for PBXProject "Mail" */ = {
			isa = XCConfigurationList;
			buildConfigurations = (
				8CD6C0E81F97E4B000C0EB05 /* Debug */,
				8CD6C0E91F97E4B000C0EB05 /* Release */,
			);
			defaultConfigurationIsVisible = 0;
			defaultConfigurationName = Release;
		};
		8CD6C0EA1F97E4B000C0EB05 /* Build configuration list for PBXNativeTarget "Mail" */ = {
			isa = XCConfigurationList;
			buildConfigurations = (
				8CD6C0EB1F97E4B000C0EB05 /* Debug */,
				8CD6C0EC1F97E4B000C0EB05 /* Release */,
			);
			defaultConfigurationIsVisible = 0;
			defaultConfigurationName = Release;
		};
/* End XCConfigurationList section */
	};
	rootObject = 8CD6C0D01F97E4B000C0EB05 /* Project object */;
}
